
Microsoft Visual Studio Solution File, Format Version 12.00
# Visual Studio Version 16
VisualStudioVersion = 16.0.30517.126
MinimumVisualStudioVersion = 10.0.40219.1
Project("{2150E333-8FDC-42A3-9474-1A3956D46DE8}") = "Core", "Core", "{02229727-F9F7-44AF-B57D-FC051F8F8AB9}"
EndProject
Project("{2150E333-8FDC-42A3-9474-1A3956D46DE8}") = "Infrastructure", "Infrastructure", "{0767EF66-8295-4CE3-B1F3-CA6385848A4C}"
EndProject
Project("{2150E333-8FDC-42A3-9474-1A3956D46DE8}") = "Presentation", "Presentation", "{732A50FF-D11D-4BCF-841A-F1E25CE3D29E}"
EndProject
Project("{9A19103F-16F7-4668-BE54-9A1E7A4F7556}") = "Core.Domain", "Domain\Core.Domain.csproj", "{812AC6C5-B23F-49EC-87E2-517DF4048435}"
EndProject
Project("{9A19103F-16F7-4668-BE54-9A1E7A4F7556}") = "Core.Application", "Application\Core.Application.csproj", "{9CD108B7-7779-4CFF-A679-3DFE439A23F6}"
EndProject
Project("{9A19103F-16F7-4668-BE54-9A1E7A4F7556}") = "Infrastructure.Persistence", "Persistence\Infrastructure.Persistence.csproj", "{993DDED5-63BC-499B-9072-7CC1C5D5CF6F}"
EndProject
Project("{9A19103F-16F7-4668-BE54-9A1E7A4F7556}") = "WebApi", "WebApi\WebApi.csproj", "{A0D8A43D-F5E5-4C30-BE14-F9CEFF0AF2A5}"
EndProject
Project("{2150E333-8FDC-42A3-9474-1A3956D46DE8}") = "Solution Items", "Solution Items", "{6428CCB6-98FF-4946-BF83-ED04ED5D0AFF}"
	ProjectSection(SolutionItems) = preProject
		.editorconfig = .editorconfig
	EndProjectSection
EndProject
Global
	GlobalSection(SolutionConfigurationPlatforms) = preSolution
		Debug|Any CPU = Debug|Any CPU
		Release|Any CPU = Release|Any CPU
	EndGlobalSection
	GlobalSection(ProjectConfigurationPlatforms) = postSolution
		{812AC6C5-B23F-49EC-87E2-517DF4048435}.Debug|Any CPU.ActiveCfg = Debug|Any CPU
		{812AC6C5-B23F-49EC-87E2-517DF4048435}.Debug|Any CPU.Build.0 = Debug|Any CPU
		{812AC6C5-B23F-49EC-87E2-517DF4048435}.Release|Any CPU.ActiveCfg = Release|Any CPU
		{812AC6C5-B23F-49EC-87E2-517DF4048435}.Release|Any CPU.Build.0 = Release|Any CPU
		{9CD108B7-7779-4CFF-A679-3DFE439A23F6}.Debug|Any CPU.ActiveCfg = Debug|Any CPU
		{9CD108B7-7779-4CFF-A679-3DFE439A23F6}.Debug|Any CPU.Build.0 = Debug|Any CPU
		{9CD108B7-7779-4CFF-A679-3DFE439A23F6}.Release|Any CPU.ActiveCfg = Release|Any CPU
		{9CD108B7-7779-4CFF-A679-3DFE439A23F6}.Release|Any CPU.Build.0 = Release|Any CPU
		{993DDED5-63BC-499B-9072-7CC1C5D5CF6F}.Debug|Any CPU.ActiveCfg = Debug|Any CPU
		{993DDED5-63BC-499B-9072-7CC1C5D5CF6F}.Debug|Any CPU.Build.0 = Debug|Any CPU
		{993DDED5-63BC-499B-9072-7CC1C5D5CF6F}.Release|Any CPU.ActiveCfg = Release|Any CPU
		{993DDED5-63BC-499B-9072-7CC1C5D5CF6F}.Release|Any CPU.Build.0 = Release|Any CPU
		{A0D8A43D-F5E5-4C30-BE14-F9CEFF0AF2A5}.Debug|Any CPU.ActiveCfg = Debug|Any CPU
		{A0D8A43D-F5E5-4C30-BE14-F9CEFF0AF2A5}.Debug|Any CPU.Build.0 = Debug|Any CPU
		{A0D8A43D-F5E5-4C30-BE14-F9CEFF0AF2A5}.Release|Any CPU.ActiveCfg = Release|Any CPU
		{A0D8A43D-F5E5-4C30-BE14-F9CEFF0AF2A5}.Release|Any CPU.Build.0 = Release|Any CPU
	EndGlobalSection
	GlobalSection(SolutionProperties) = preSolution
		HideSolutionNode = FALSE
	EndGlobalSection
	GlobalSection(NestedProjects) = preSolution
		{812AC6C5-B23F-49EC-87E2-517DF4048435} = {02229727-F9F7-44AF-B57D-FC051F8F8AB9}
		{9CD108B7-7779-4CFF-A679-3DFE439A23F6} = {02229727-F9F7-44AF-B57D-FC051F8F8AB9}
		{993DDED5-63BC-499B-9072-7CC1C5D5CF6F} = {0767EF66-8295-4CE3-B1F3-CA6385848A4C}
		{A0D8A43D-F5E5-4C30-BE14-F9CEFF0AF2A5} = {732A50FF-D11D-4BCF-841A-F1E25CE3D29E}
	EndGlobalSection
	GlobalSection(ExtensibilityGlobals) = postSolution
		SolutionGuid = {FF0D75AE-020E-4905-8628-382E99FFBDDE}
	EndGlobalSection
EndGlobal
